
Microsoft Visual Studio Solution File, Format Version 12.00
# Visual Studio 15
VisualStudioVersion = 15.0.26730.16
MinimumVisualStudioVersion = 10.0.40219.1
Project("{9A19103F-16F7-4668-BE54-9A1E7A4F7556}") = "IntelART.OnlineLoans.CustomerRestApi", "IntelART.OnlineLoans.CustomerRestApi\IntelART.OnlineLoans.CustomerRestApi.csproj", "{8FF2DF7F-15F9-4FBF-98F8-3E01A6ECA289}"
EndProject
Project("{9A19103F-16F7-4668-BE54-9A1E7A4F7556}") = "IntelART.IdentityServer", "IdentityServer\IntelART.IdentityServer.csproj", "{E421A348-610D-4222-B16F-F77664859480}"
EndProject
Project("{9A19103F-16F7-4668-BE54-9A1E7A4F7556}") = "IntelART.OnlineLoans.CustomerModuleWebApp", "IntelART.OnlineLoans.CustomerModuleWebApp\IntelART.OnlineLoans.CustomerModuleWebApp.csproj", "{7F1ED5C9-4FA6-491E-B649-933318210B10}"
EndProject
Project("{2150E333-8FDC-42A3-9474-1A3956D46DE8}") = "Api", "Api", "{FF27292B-0347-4C3A-AA16-B3C4AB704CEE}"
EndProject
Project("{2150E333-8FDC-42A3-9474-1A3956D46DE8}") = "WebApp", "WebApp", "{A9C37073-A3C5-4AB9-BF54-11B66764FEAD}"
EndProject
Project("{9A19103F-16F7-4668-BE54-9A1E7A4F7556}") = "IntelART.OnlineLoans.Entities", "IntelART.OnlineLoans.Entities\IntelART.OnlineLoans.Entities.csproj", "{2A5DC698-AE6B-4F9A-A16A-6B79191B3D28}"
EndProject
Project("{9A19103F-16F7-4668-BE54-9A1E7A4F7556}") = "IntelART.OnlineLoans.Repositories", "IntelART.OnlineLoans.Repositories\IntelART.OnlineLoans.Repositories.csproj", "{91123DE7-8DEC-4F0E-B0A8-53B356A973C0}"
EndProject
Project("{9A19103F-16F7-4668-BE54-9A1E7A4F7556}") = "IntelART.WebApiRequestProxy", "IntelART.WebApiRequestProxy\IntelART.WebApiRequestProxy.csproj", "{C69636CD-A3E5-4CC9-9078-952CDCC9AC6F}"
EndProject
Project("{9A19103F-16F7-4668-BE54-9A1E7A4F7556}") = "IntelART.OnlineLoans.SqlMembershipProvider", "IntelART.OnlineLoans.SqlMembershipProvider\IntelART.OnlineLoans.SqlMembershipProvider.csproj", "{34986F4B-6FF0-42F2-9149-7EA853FB3F59}"
EndProject
Project("{9A19103F-16F7-4668-BE54-9A1E7A4F7556}") = "IntelART.IdentityManagement", "IntelART.IdentityManagement\IntelART.IdentityManagement.csproj", "{D6A19C01-6420-4BBE-9D4C-FC5C203E0B02}"
EndProject
Project("{9A19103F-16F7-4668-BE54-9A1E7A4F7556}") = "IntelART.Utilities", "IntelART.Utilities\IntelART.Utilities.csproj", "{5ACB14BE-B670-456B-99B7-5B51DE895B9A}"
EndProject
Project("{9A19103F-16F7-4668-BE54-9A1E7A4F7556}") = "IntelART.Communication", "IntelART.Communication\IntelART.Communication.csproj", "{E632E895-DDA1-4162-9AC0-9C828529EF40}"
EndProject
Project("{9A19103F-16F7-4668-BE54-9A1E7A4F7556}") = "IntelART.OnlineLoans.LoanApplicationRestApi", "IntelART.OnlineLoans.LoanApplicationRestApi\IntelART.OnlineLoans.LoanApplicationRestApi.csproj", "{D81387E6-4332-45FD-AA06-5ABAD6CE655F}"
EndProject
Project("{9A19103F-16F7-4668-BE54-9A1E7A4F7556}") = "IntelART.ConverseBank.Communication", "IntelART.ConverseBank.Communication\IntelART.ConverseBank.Communication.csproj", "{1221C044-24BB-497B-96D3-CF48A96CA208}"
EndProject
Project("{FAE04EC0-301F-11D3-BF4B-00C04F79EFBC}") = "BankProcessingSimulator", "BankProcessingSimulator\BankProcessingSimulator.csproj", "{D8B719CD-3986-48B0-B1AF-8CE2AF76EBDF}"
EndProject
Project("{9A19103F-16F7-4668-BE54-9A1E7A4F7556}") = "IntelART.OnlineLoans.DirectApplicationRestApi", "IntelART.OnlineLoans.DirectApplicationRestApi\IntelART.OnlineLoans.DirectApplicationRestApi.csproj", "{70E0965E-967A-4A6F-908D-CEF114138B03}"
EndProject
Project("{9A19103F-16F7-4668-BE54-9A1E7A4F7556}") = "IntelART.OnlineLoans.DirectModuleWebApp", "IntelART.OnlineLoans.DirectModuleWebApp\IntelART.OnlineLoans.DirectModuleWebApp.csproj", "{04CDEF48-1D14-4971-AFE5-F2B5895A254C}"
EndProject
Global
	GlobalSection(SolutionConfigurationPlatforms) = preSolution
		Debug|Any CPU = Debug|Any CPU
		LocalDebug|Any CPU = LocalDebug|Any CPU
		Release|Any CPU = Release|Any CPU
		Staging|Any CPU = Staging|Any CPU
	EndGlobalSection
	GlobalSection(ProjectConfigurationPlatforms) = postSolution
		{8FF2DF7F-15F9-4FBF-98F8-3E01A6ECA289}.Debug|Any CPU.ActiveCfg = Debug|Any CPU
		{8FF2DF7F-15F9-4FBF-98F8-3E01A6ECA289}.Debug|Any CPU.Build.0 = Debug|Any CPU
		{8FF2DF7F-15F9-4FBF-98F8-3E01A6ECA289}.LocalDebug|Any CPU.ActiveCfg = LocalDebug|Any CPU
		{8FF2DF7F-15F9-4FBF-98F8-3E01A6ECA289}.LocalDebug|Any CPU.Build.0 = LocalDebug|Any CPU
		{8FF2DF7F-15F9-4FBF-98F8-3E01A6ECA289}.Release|Any CPU.ActiveCfg = Release|Any CPU
		{8FF2DF7F-15F9-4FBF-98F8-3E01A6ECA289}.Release|Any CPU.Build.0 = Release|Any CPU
		{8FF2DF7F-15F9-4FBF-98F8-3E01A6ECA289}.Staging|Any CPU.ActiveCfg = Staging|Any CPU
		{8FF2DF7F-15F9-4FBF-98F8-3E01A6ECA289}.Staging|Any CPU.Build.0 = Staging|Any CPU
		{E421A348-610D-4222-B16F-F77664859480}.Debug|Any CPU.ActiveCfg = Debug|Any CPU
		{E421A348-610D-4222-B16F-F77664859480}.Debug|Any CPU.Build.0 = Debug|Any CPU
		{E421A348-610D-4222-B16F-F77664859480}.LocalDebug|Any CPU.ActiveCfg = LocalDebug|Any CPU
		{E421A348-610D-4222-B16F-F77664859480}.LocalDebug|Any CPU.Build.0 = LocalDebug|Any CPU
		{E421A348-610D-4222-B16F-F77664859480}.Release|Any CPU.ActiveCfg = Release|Any CPU
		{E421A348-610D-4222-B16F-F77664859480}.Release|Any CPU.Build.0 = Release|Any CPU
		{E421A348-610D-4222-B16F-F77664859480}.Staging|Any CPU.ActiveCfg = Staging|Any CPU
		{E421A348-610D-4222-B16F-F77664859480}.Staging|Any CPU.Build.0 = Staging|Any CPU
		{7F1ED5C9-4FA6-491E-B649-933318210B10}.Debug|Any CPU.ActiveCfg = Debug|Any CPU
		{7F1ED5C9-4FA6-491E-B649-933318210B10}.Debug|Any CPU.Build.0 = Debug|Any CPU
		{7F1ED5C9-4FA6-491E-B649-933318210B10}.LocalDebug|Any CPU.ActiveCfg = LocalDebug|Any CPU
		{7F1ED5C9-4FA6-491E-B649-933318210B10}.LocalDebug|Any CPU.Build.0 = LocalDebug|Any CPU
		{7F1ED5C9-4FA6-491E-B649-933318210B10}.Release|Any CPU.ActiveCfg = Release|Any CPU
		{7F1ED5C9-4FA6-491E-B649-933318210B10}.Release|Any CPU.Build.0 = Release|Any CPU
		{7F1ED5C9-4FA6-491E-B649-933318210B10}.Staging|Any CPU.ActiveCfg = Staging|Any CPU
		{7F1ED5C9-4FA6-491E-B649-933318210B10}.Staging|Any CPU.Build.0 = Staging|Any CPU
		{2A5DC698-AE6B-4F9A-A16A-6B79191B3D28}.Debug|Any CPU.ActiveCfg = Debug|Any CPU
		{2A5DC698-AE6B-4F9A-A16A-6B79191B3D28}.Debug|Any CPU.Build.0 = Debug|Any CPU
		{2A5DC698-AE6B-4F9A-A16A-6B79191B3D28}.LocalDebug|Any CPU.ActiveCfg = LocalDebug|Any CPU
		{2A5DC698-AE6B-4F9A-A16A-6B79191B3D28}.LocalDebug|Any CPU.Build.0 = LocalDebug|Any CPU
		{2A5DC698-AE6B-4F9A-A16A-6B79191B3D28}.Release|Any CPU.ActiveCfg = Release|Any CPU
		{2A5DC698-AE6B-4F9A-A16A-6B79191B3D28}.Release|Any CPU.Build.0 = Release|Any CPU
		{2A5DC698-AE6B-4F9A-A16A-6B79191B3D28}.Staging|Any CPU.ActiveCfg = Staging|Any CPU
		{2A5DC698-AE6B-4F9A-A16A-6B79191B3D28}.Staging|Any CPU.Build.0 = Staging|Any CPU
		{91123DE7-8DEC-4F0E-B0A8-53B356A973C0}.Debug|Any CPU.ActiveCfg = Debug|Any CPU
		{91123DE7-8DEC-4F0E-B0A8-53B356A973C0}.Debug|Any CPU.Build.0 = Debug|Any CPU
		{91123DE7-8DEC-4F0E-B0A8-53B356A973C0}.LocalDebug|Any CPU.ActiveCfg = LocalDebug|Any CPU
		{91123DE7-8DEC-4F0E-B0A8-53B356A973C0}.LocalDebug|Any CPU.Build.0 = LocalDebug|Any CPU
		{91123DE7-8DEC-4F0E-B0A8-53B356A973C0}.Release|Any CPU.ActiveCfg = Release|Any CPU
		{91123DE7-8DEC-4F0E-B0A8-53B356A973C0}.Release|Any CPU.Build.0 = Release|Any CPU
		{91123DE7-8DEC-4F0E-B0A8-53B356A973C0}.Staging|Any CPU.ActiveCfg = Staging|Any CPU
		{91123DE7-8DEC-4F0E-B0A8-53B356A973C0}.Staging|Any CPU.Build.0 = Staging|Any CPU
		{C69636CD-A3E5-4CC9-9078-952CDCC9AC6F}.Debug|Any CPU.ActiveCfg = Debug|Any CPU
		{C69636CD-A3E5-4CC9-9078-952CDCC9AC6F}.Debug|Any CPU.Build.0 = Debug|Any CPU
		{C69636CD-A3E5-4CC9-9078-952CDCC9AC6F}.LocalDebug|Any CPU.ActiveCfg = LocalDebug|Any CPU
		{C69636CD-A3E5-4CC9-9078-952CDCC9AC6F}.LocalDebug|Any CPU.Build.0 = LocalDebug|Any CPU
		{C69636CD-A3E5-4CC9-9078-952CDCC9AC6F}.Release|Any CPU.ActiveCfg = Release|Any CPU
		{C69636CD-A3E5-4CC9-9078-952CDCC9AC6F}.Release|Any CPU.Build.0 = Release|Any CPU
		{C69636CD-A3E5-4CC9-9078-952CDCC9AC6F}.Staging|Any CPU.ActiveCfg = Staging|Any CPU
		{C69636CD-A3E5-4CC9-9078-952CDCC9AC6F}.Staging|Any CPU.Build.0 = Staging|Any CPU
		{34986F4B-6FF0-42F2-9149-7EA853FB3F59}.Debug|Any CPU.ActiveCfg = Debug|Any CPU
		{34986F4B-6FF0-42F2-9149-7EA853FB3F59}.Debug|Any CPU.Build.0 = Debug|Any CPU
		{34986F4B-6FF0-42F2-9149-7EA853FB3F59}.LocalDebug|Any CPU.ActiveCfg = LocalDebug|Any CPU
		{34986F4B-6FF0-42F2-9149-7EA853FB3F59}.LocalDebug|Any CPU.Build.0 = LocalDebug|Any CPU
		{34986F4B-6FF0-42F2-9149-7EA853FB3F59}.Release|Any CPU.ActiveCfg = Release|Any CPU
		{34986F4B-6FF0-42F2-9149-7EA853FB3F59}.Release|Any CPU.Build.0 = Release|Any CPU
		{34986F4B-6FF0-42F2-9149-7EA853FB3F59}.Staging|Any CPU.ActiveCfg = Staging|Any CPU
		{34986F4B-6FF0-42F2-9149-7EA853FB3F59}.Staging|Any CPU.Build.0 = Staging|Any CPU
		{D6A19C01-6420-4BBE-9D4C-FC5C203E0B02}.Debug|Any CPU.ActiveCfg = Debug|Any CPU
		{D6A19C01-6420-4BBE-9D4C-FC5C203E0B02}.Debug|Any CPU.Build.0 = Debug|Any CPU
		{D6A19C01-6420-4BBE-9D4C-FC5C203E0B02}.LocalDebug|Any CPU.ActiveCfg = LocalDebug|Any CPU
		{D6A19C01-6420-4BBE-9D4C-FC5C203E0B02}.LocalDebug|Any CPU.Build.0 = LocalDebug|Any CPU
		{D6A19C01-6420-4BBE-9D4C-FC5C203E0B02}.Release|Any CPU.ActiveCfg = Release|Any CPU
		{D6A19C01-6420-4BBE-9D4C-FC5C203E0B02}.Release|Any CPU.Build.0 = Release|Any CPU
		{D6A19C01-6420-4BBE-9D4C-FC5C203E0B02}.Staging|Any CPU.ActiveCfg = Staging|Any CPU
		{D6A19C01-6420-4BBE-9D4C-FC5C203E0B02}.Staging|Any CPU.Build.0 = Staging|Any CPU
		{5ACB14BE-B670-456B-99B7-5B51DE895B9A}.Debug|Any CPU.ActiveCfg = Debug|Any CPU
		{5ACB14BE-B670-456B-99B7-5B51DE895B9A}.Debug|Any CPU.Build.0 = Debug|Any CPU
		{5ACB14BE-B670-456B-99B7-5B51DE895B9A}.LocalDebug|Any CPU.ActiveCfg = LocalDebug|Any CPU
		{5ACB14BE-B670-456B-99B7-5B51DE895B9A}.LocalDebug|Any CPU.Build.0 = LocalDebug|Any CPU
		{5ACB14BE-B670-456B-99B7-5B51DE895B9A}.Release|Any CPU.ActiveCfg = Release|Any CPU
		{5ACB14BE-B670-456B-99B7-5B51DE895B9A}.Release|Any CPU.Build.0 = Release|Any CPU
		{5ACB14BE-B670-456B-99B7-5B51DE895B9A}.Staging|Any CPU.ActiveCfg = Staging|Any CPU
		{5ACB14BE-B670-456B-99B7-5B51DE895B9A}.Staging|Any CPU.Build.0 = Staging|Any CPU
		{E632E895-DDA1-4162-9AC0-9C828529EF40}.Debug|Any CPU.ActiveCfg = Debug|Any CPU
		{E632E895-DDA1-4162-9AC0-9C828529EF40}.Debug|Any CPU.Build.0 = Debug|Any CPU
		{E632E895-DDA1-4162-9AC0-9C828529EF40}.LocalDebug|Any CPU.ActiveCfg = LocalDebug|Any CPU
		{E632E895-DDA1-4162-9AC0-9C828529EF40}.LocalDebug|Any CPU.Build.0 = LocalDebug|Any CPU
		{E632E895-DDA1-4162-9AC0-9C828529EF40}.Release|Any CPU.ActiveCfg = Release|Any CPU
		{E632E895-DDA1-4162-9AC0-9C828529EF40}.Release|Any CPU.Build.0 = Release|Any CPU
		{E632E895-DDA1-4162-9AC0-9C828529EF40}.Staging|Any CPU.ActiveCfg = Staging|Any CPU
		{E632E895-DDA1-4162-9AC0-9C828529EF40}.Staging|Any CPU.Build.0 = Staging|Any CPU
		{D81387E6-4332-45FD-AA06-5ABAD6CE655F}.Debug|Any CPU.ActiveCfg = Debug|Any CPU
		{D81387E6-4332-45FD-AA06-5ABAD6CE655F}.Debug|Any CPU.Build.0 = Debug|Any CPU
		{D81387E6-4332-45FD-AA06-5ABAD6CE655F}.LocalDebug|Any CPU.ActiveCfg = LocalDebug|Any CPU
		{D81387E6-4332-45FD-AA06-5ABAD6CE655F}.LocalDebug|Any CPU.Build.0 = LocalDebug|Any CPU
		{D81387E6-4332-45FD-AA06-5ABAD6CE655F}.Release|Any CPU.ActiveCfg = Release|Any CPU
		{D81387E6-4332-45FD-AA06-5ABAD6CE655F}.Release|Any CPU.Build.0 = Release|Any CPU
		{D81387E6-4332-45FD-AA06-5ABAD6CE655F}.Staging|Any CPU.ActiveCfg = Staging|Any CPU
		{D81387E6-4332-45FD-AA06-5ABAD6CE655F}.Staging|Any CPU.Build.0 = Staging|Any CPU
		{1221C044-24BB-497B-96D3-CF48A96CA208}.Debug|Any CPU.ActiveCfg = Debug|Any CPU
		{1221C044-24BB-497B-96D3-CF48A96CA208}.Debug|Any CPU.Build.0 = Debug|Any CPU
		{1221C044-24BB-497B-96D3-CF48A96CA208}.LocalDebug|Any CPU.ActiveCfg = Debug|Any CPU
		{1221C044-24BB-497B-96D3-CF48A96CA208}.LocalDebug|Any CPU.Build.0 = Debug|Any CPU
		{1221C044-24BB-497B-96D3-CF48A96CA208}.Release|Any CPU.ActiveCfg = Release|Any CPU
		{1221C044-24BB-497B-96D3-CF48A96CA208}.Release|Any CPU.Build.0 = Release|Any CPU
		{1221C044-24BB-497B-96D3-CF48A96CA208}.Staging|Any CPU.ActiveCfg = Debug|Any CPU
		{1221C044-24BB-497B-96D3-CF48A96CA208}.Staging|Any CPU.Build.0 = Debug|Any CPU
		{D8B719CD-3986-48B0-B1AF-8CE2AF76EBDF}.Debug|Any CPU.ActiveCfg = Debug|Any CPU
		{D8B719CD-3986-48B0-B1AF-8CE2AF76EBDF}.Debug|Any CPU.Build.0 = Debug|Any CPU
		{D8B719CD-3986-48B0-B1AF-8CE2AF76EBDF}.LocalDebug|Any CPU.ActiveCfg = Debug|Any CPU
		{D8B719CD-3986-48B0-B1AF-8CE2AF76EBDF}.LocalDebug|Any CPU.Build.0 = Debug|Any CPU
		{D8B719CD-3986-48B0-B1AF-8CE2AF76EBDF}.Release|Any CPU.ActiveCfg = Release|Any CPU
		{D8B719CD-3986-48B0-B1AF-8CE2AF76EBDF}.Release|Any CPU.Build.0 = Release|Any CPU
		{D8B719CD-3986-48B0-B1AF-8CE2AF76EBDF}.Staging|Any CPU.ActiveCfg = Release|Any CPU
		{D8B719CD-3986-48B0-B1AF-8CE2AF76EBDF}.Staging|Any CPU.Build.0 = Release|Any CPU
		{70E0965E-967A-4A6F-908D-CEF114138B03}.Debug|Any CPU.ActiveCfg = Debug|Any CPU
		{70E0965E-967A-4A6F-908D-CEF114138B03}.Debug|Any CPU.Build.0 = Debug|Any CPU
		{70E0965E-967A-4A6F-908D-CEF114138B03}.LocalDebug|Any CPU.ActiveCfg = LocalDebug|Any CPU
		{70E0965E-967A-4A6F-908D-CEF114138B03}.LocalDebug|Any CPU.Build.0 = LocalDebug|Any CPU
		{70E0965E-967A-4A6F-908D-CEF114138B03}.Release|Any CPU.ActiveCfg = Release|Any CPU
		{70E0965E-967A-4A6F-908D-CEF114138B03}.Release|Any CPU.Build.0 = Release|Any CPU
		{70E0965E-967A-4A6F-908D-CEF114138B03}.Staging|Any CPU.ActiveCfg = Staging|Any CPU
		{70E0965E-967A-4A6F-908D-CEF114138B03}.Staging|Any CPU.Build.0 = Staging|Any CPU
		{04CDEF48-1D14-4971-AFE5-F2B5895A254C}.Debug|Any CPU.ActiveCfg = Debug|Any CPU
		{04CDEF48-1D14-4971-AFE5-F2B5895A254C}.Debug|Any CPU.Build.0 = Debug|Any CPU
		{04CDEF48-1D14-4971-AFE5-F2B5895A254C}.LocalDebug|Any CPU.ActiveCfg = LocalDebug|Any CPU
		{04CDEF48-1D14-4971-AFE5-F2B5895A254C}.LocalDebug|Any CPU.Build.0 = LocalDebug|Any CPU
		{04CDEF48-1D14-4971-AFE5-F2B5895A254C}.Release|Any CPU.ActiveCfg = Release|Any CPU
		{04CDEF48-1D14-4971-AFE5-F2B5895A254C}.Release|Any CPU.Build.0 = Release|Any CPU
		{04CDEF48-1D14-4971-AFE5-F2B5895A254C}.Staging|Any CPU.ActiveCfg = Staging|Any CPU
		{04CDEF48-1D14-4971-AFE5-F2B5895A254C}.Staging|Any CPU.Build.0 = Staging|Any CPU
	EndGlobalSection
	GlobalSection(SolutionProperties) = preSolution
		HideSolutionNode = FALSE
	EndGlobalSection
	GlobalSection(NestedProjects) = preSolution
		{8FF2DF7F-15F9-4FBF-98F8-3E01A6ECA289} = {FF27292B-0347-4C3A-AA16-B3C4AB704CEE}
		{7F1ED5C9-4FA6-491E-B649-933318210B10} = {A9C37073-A3C5-4AB9-BF54-11B66764FEAD}
		{D81387E6-4332-45FD-AA06-5ABAD6CE655F} = {FF27292B-0347-4C3A-AA16-B3C4AB704CEE}
		{70E0965E-967A-4A6F-908D-CEF114138B03} = {FF27292B-0347-4C3A-AA16-B3C4AB704CEE}
		{04CDEF48-1D14-4971-AFE5-F2B5895A254C} = {A9C37073-A3C5-4AB9-BF54-11B66764FEAD}
	EndGlobalSection
	GlobalSection(ExtensibilityGlobals) = postSolution
		SolutionGuid = {2F42E54E-C6DA-4653-914C-0EBD20C7FBCA}
	EndGlobalSection
EndGlobal
